// !$*UTF8*$!
{
	archiveVersion = 1;
	classes = {
	};
	objectVersion = 77;
	objects = {

/* Begin PBXBuildFile section */
		F633281E2D110E7C00905CE3 /* Kingfisher in Frameworks */ = {isa = PBXBuildFile; productRef = F633281D2D110E7C00905CE3 /* Kingfisher */; };
		F68E38312D11D67C00625C21 /* sourceApiData.json in Resources */ = {isa = PBXBuildFile; fileRef = F68E38302D11D65D00625C21 /* sourceApiData.json */; };
/* End PBXBuildFile section */

/* Begin PBXContainerItemProxy section */
		F62960482CE8FE5C004B12EE /* PBXContainerItemProxy */ = {
			isa = PBXContainerItemProxy;
			containerPortal = F62960262CE8FE5B004B12EE /* Project object */;
			proxyType = 1;
			remoteGlobalIDString = F629602D2CE8FE5B004B12EE;
			remoteInfo = MVVMPractice;
		};
		F62960522CE8FE5C004B12EE /* PBXContainerItemProxy */ = {
			isa = PBXContainerItemProxy;
			containerPortal = F62960262CE8FE5B004B12EE /* Project object */;
			proxyType = 1;
			remoteGlobalIDString = F629602D2CE8FE5B004B12EE;
			remoteInfo = MVVMPractice;
		};
/* End PBXContainerItemProxy section */

/* Begin PBXFileReference section */
		F629602E2CE8FE5B004B12EE /* MVVMPractice.app */ = {isa = PBXFileReference; explicitFileType = wrapper.application; includeInIndex = 0; path = MVVMPractice.app; sourceTree = BUILT_PRODUCTS_DIR; };
		F62960472CE8FE5C004B12EE /* MVVMPracticeTests.xctest */ = {isa = PBXFileReference; explicitFileType = wrapper.cfbundle; includeInIndex = 0; path = MVVMPracticeTests.xctest; sourceTree = BUILT_PRODUCTS_DIR; };
		F62960512CE8FE5C004B12EE /* MVVMPracticeUITests.xctest */ = {isa = PBXFileReference; explicitFileType = wrapper.cfbundle; includeInIndex = 0; path = MVVMPracticeUITests.xctest; sourceTree = BUILT_PRODUCTS_DIR; };
		F68E38302D11D65D00625C21 /* sourceApiData.json */ = {isa = PBXFileReference; lastKnownFileType = text.json; path = sourceApiData.json; sourceTree = "<group>"; };
/* End PBXFileReference section */

/* Begin PBXFileSystemSynchronizedBuildFileExceptionSet section */
		F62960592CE8FE5C004B12EE /* Exceptions for "MVVMPractice" folder in "MVVMPractice" target */ = {
			isa = PBXFileSystemSynchronizedBuildFileExceptionSet;
			membershipExceptions = (
				Info.plist,
			);
			target = F629602D2CE8FE5B004B12EE /* MVVMPractice */;
		};
/* End PBXFileSystemSynchronizedBuildFileExceptionSet section */

/* Begin PBXFileSystemSynchronizedRootGroup section */
		F62960302CE8FE5B004B12EE /* MVVMPractice */ = {
			isa = PBXFileSystemSynchronizedRootGroup;
			exceptions = (
				F62960592CE8FE5C004B12EE /* Exceptions for "MVVMPractice" folder in "MVVMPractice" target */,
			);
			path = MVVMPractice;
			sourceTree = "<group>";
		};
		F629604A2CE8FE5C004B12EE /* MVVMPracticeTests */ = {
			isa = PBXFileSystemSynchronizedRootGroup;
			path = MVVMPracticeTests;
			sourceTree = "<group>";
		};
		F62960542CE8FE5C004B12EE /* MVVMPracticeUITests */ = {
			isa = PBXFileSystemSynchronizedRootGroup;
			path = MVVMPracticeUITests;
			sourceTree = "<group>";
		};
/* End PBXFileSystemSynchronizedRootGroup section */

/* Begin PBXFrameworksBuildPhase section */
		F629602B2CE8FE5B004B12EE /* Frameworks */ = {
			isa = PBXFrameworksBuildPhase;
			buildActionMask = 2147483647;
			files = (
				F633281E2D110E7C00905CE3 /* Kingfisher in Frameworks */,
			);
			runOnlyForDeploymentPostprocessing = 0;
		};
		F62960442CE8FE5C004B12EE /* Frameworks */ = {
			isa = PBXFrameworksBuildPhase;
			buildActionMask = 2147483647;
			files = (
			);
			runOnlyForDeploymentPostprocessing = 0;
		};
		F629604E2CE8FE5C004B12EE /* Frameworks */ = {
			isa = PBXFrameworksBuildPhase;
			buildActionMask = 2147483647;
			files = (
			);
			runOnlyForDeploymentPostprocessing = 0;
		};
/* End PBXFrameworksBuildPhase section */

/* Begin PBXGroup section */
		F62960252CE8FE5B004B12EE = {
			isa = PBXGroup;
			children = (
				F68E38302D11D65D00625C21 /* sourceApiData.json */,
				F62960302CE8FE5B004B12EE /* MVVMPractice */,
				F629604A2CE8FE5C004B12EE /* MVVMPracticeTests */,
				F62960542CE8FE5C004B12EE /* MVVMPracticeUITests */,
				F633281C2D110E7C00905CE3 /* Frameworks */,
				F629602F2CE8FE5B004B12EE /* Products */,
			);
			sourceTree = "<group>";
		};
		F629602F2CE8FE5B004B12EE /* Products */ = {
			isa = PBXGroup;
			children = (
				F629602E2CE8FE5B004B12EE /* MVVMPractice.app */,
				F62960472CE8FE5C004B12EE /* MVVMPracticeTests.xctest */,
				F62960512CE8FE5C004B12EE /* MVVMPracticeUITests.xctest */,
			);
			name = Products;
			sourceTree = "<group>";
		};
		F633281C2D110E7C00905CE3 /* Frameworks */ = {
			isa = PBXGroup;
			children = (
			);
			name = Frameworks;
			sourceTree = "<group>";
		};
/* End PBXGroup section */

/* Begin PBXNativeTarget section */
		F629602D2CE8FE5B004B12EE /* MVVMPractice */ = {
			isa = PBXNativeTarget;
			buildConfigurationList = F629605A2CE8FE5C004B12EE /* Build configuration list for PBXNativeTarget "MVVMPractice" */;
			buildPhases = (
				F629602A2CE8FE5B004B12EE /* Sources */,
				F629602B2CE8FE5B004B12EE /* Frameworks */,
				F629602C2CE8FE5B004B12EE /* Resources */,
			);
			buildRules = (
			);
			dependencies = (
			);
			fileSystemSynchronizedGroups = (
				F62960302CE8FE5B004B12EE /* MVVMPractice */,
			);
			name = MVVMPractice;
			packageProductDependencies = (
				F633281D2D110E7C00905CE3 /* Kingfisher */,
			);
			productName = MVVMPractice;
			productReference = F629602E2CE8FE5B004B12EE /* MVVMPractice.app */;
			productType = "com.apple.product-type.application";
		};
		F62960462CE8FE5C004B12EE /* MVVMPracticeTests */ = {
			isa = PBXNativeTarget;
			buildConfigurationList = F629605F2CE8FE5C004B12EE /* Build configuration list for PBXNativeTarget "MVVMPracticeTests" */;
			buildPhases = (
				F62960432CE8FE5C004B12EE /* Sources */,
				F62960442CE8FE5C004B12EE /* Frameworks */,
				F62960452CE8FE5C004B12EE /* Resources */,
			);
			buildRules = (
			);
			dependencies = (
				F62960492CE8FE5C004B12EE /* PBXTargetDependency */,
			);
			fileSystemSynchronizedGroups = (
				F629604A2CE8FE5C004B12EE /* MVVMPracticeTests */,
			);
			name = MVVMPracticeTests;
			packageProductDependencies = (
			);
			productName = MVVMPracticeTests;
			productReference = F62960472CE8FE5C004B12EE /* MVVMPracticeTests.xctest */;
			productType = "com.apple.product-type.bundle.unit-test";
		};
		F62960502CE8FE5C004B12EE /* MVVMPracticeUITests */ = {
			isa = PBXNativeTarget;
			buildConfigurationList = F62960622CE8FE5C004B12EE /* Build configuration list for PBXNativeTarget "MVVMPracticeUITests" */;
			buildPhases = (
				F629604D2CE8FE5C004B12EE /* Sources */,
				F629604E2CE8FE5C004B12EE /* Frameworks */,
				F629604F2CE8FE5C004B12EE /* Resources */,
			);
			buildRules = (
			);
			dependencies = (
				F62960532CE8FE5C004B12EE /* PBXTargetDependency */,
			);
			fileSystemSynchronizedGroups = (
				F62960542CE8FE5C004B12EE /* MVVMPracticeUITests */,
			);
			name = MVVMPracticeUITests;
			packageProductDependencies = (
			);
			productName = MVVMPracticeUITests;
			productReference = F62960512CE8FE5C004B12EE /* MVVMPracticeUITests.xctest */;
			productType = "com.apple.product-type.bundle.ui-testing";
		};
/* End PBXNativeTarget section */

/* Begin PBXProject section */
		F62960262CE8FE5B004B12EE /* Project object */ = {
			isa = PBXProject;
			attributes = {
				BuildIndependentTargetsInParallel = 1;
				LastSwiftUpdateCheck = 1600;
				LastUpgradeCheck = 1600;
				TargetAttributes = {
					F629602D2CE8FE5B004B12EE = {
						CreatedOnToolsVersion = 16.0;
					};
					F62960462CE8FE5C004B12EE = {
						CreatedOnToolsVersion = 16.0;
						TestTargetID = F629602D2CE8FE5B004B12EE;
					};
					F62960502CE8FE5C004B12EE = {
						CreatedOnToolsVersion = 16.0;
						TestTargetID = F629602D2CE8FE5B004B12EE;
					};
				};
			};
			buildConfigurationList = F62960292CE8FE5B004B12EE /* Build configuration list for PBXProject "MVVMPractice" */;
			developmentRegion = en;
			hasScannedForEncodings = 0;
			knownRegions = (
				en,
				Base,
			);
			mainGroup = F62960252CE8FE5B004B12EE;
			minimizedProjectReferenceProxies = 1;
			packageReferences = (
				F678EE792D110A42004DD0EA /* XCRemoteSwiftPackageReference "Kingfisher" */,
			);
			preferredProjectObjectVersion = 77;
			productRefGroup = F629602F2CE8FE5B004B12EE /* Products */;
			projectDirPath = "";
			projectRoot = "";
			targets = (
				F629602D2CE8FE5B004B12EE /* MVVMPractice */,
				F62960462CE8FE5C004B12EE /* MVVMPracticeTests */,
				F62960502CE8FE5C004B12EE /* MVVMPracticeUITests */,
			);
		};
/* End PBXProject section */

/* Begin PBXResourcesBuildPhase section */
		F629602C2CE8FE5B004B12EE /* Resources */ = {
			isa = PBXResourcesBuildPhase;
			buildActionMask = 2147483647;
			files = (
				F68E38312D11D67C00625C21 /* sourceApiData.json in Resources */,
			);
			runOnlyForDeploymentPostprocessing = 0;
		};
		F62960452CE8FE5C004B12EE /* Resources */ = {
			isa = PBXResourcesBuildPhase;
			buildActionMask = 2147483647;
			files = (
			);
			runOnlyForDeploymentPostprocessing = 0;
		};
		F629604F2CE8FE5C004B12EE /* Resources */ = {
			isa = PBXResourcesBuildPhase;
			buildActionMask = 2147483647;
			files = (
			);
			runOnlyForDeploymentPostprocessing = 0;
		};
/* End PBXResourcesBuildPhase section */

/* Begin PBXSourcesBuildPhase section */
		F629602A2CE8FE5B004B12EE /* Sources */ = {
			isa = PBXSourcesBuildPhase;
			buildActionMask = 2147483647;
			files = (
			);
			runOnlyForDeploymentPostprocessing = 0;
		};
		F62960432CE8FE5C004B12EE /* Sources */ = {
			isa = PBXSourcesBuildPhase;
			buildActionMask = 2147483647;
			files = (
			);
			runOnlyForDeploymentPostprocessing = 0;
		};
		F629604D2CE8FE5C004B12EE /* Sources */ = {
			isa = PBXSourcesBuildPhase;
			buildActionMask = 2147483647;
			files = (
			);
			runOnlyForDeploymentPostprocessing = 0;
		};
/* End PBXSourcesBuildPhase section */

/* Begin PBXTargetDependency section */
		F62960492CE8FE5C004B12EE /* PBXTargetDependency */ = {
			isa = PBXTargetDependency;
			target = F629602D2CE8FE5B004B12EE /* MVVMPractice */;
			targetProxy = F62960482CE8FE5C004B12EE /* PBXContainerItemProxy */;
		};
		F62960532CE8FE5C004B12EE /* PBXTargetDependency */ = {
			isa = PBXTargetDependency;
			target = F629602D2CE8FE5B004B12EE /* MVVMPractice */;
			targetProxy = F62960522CE8FE5C004B12EE /* PBXContainerItemProxy */;
		};
/* End PBXTargetDependency section */

/* Begin XCBuildConfiguration section */
		F629605B2CE8FE5C004B12EE /* Debug */ = {
			isa = XCBuildConfiguration;
			buildSettings = {
				ASSETCATALOG_COMPILER_APPICON_NAME = AppIcon;
				ASSETCATALOG_COMPILER_GLOBAL_ACCENT_COLOR_NAME = AccentColor;
				CODE_SIGN_STYLE = Automatic;
				CURRENT_PROJECT_VERSION = 1;
				GENERATE_INFOPLIST_FILE = YES;
				INFOPLIST_FILE = MVVMPractice/Info.plist;
				INFOPLIST_KEY_UIApplicationSupportsIndirectInputEvents = YES;
				INFOPLIST_KEY_UILaunchStoryboardName = LaunchScreen;
				INFOPLIST_KEY_UIMainStoryboardFile = Main;
				INFOPLIST_KEY_UISupportedInterfaceOrientations_iPad = "UIInterfaceOrientationPortrait UIInterfaceOrientationPortraitUpsideDown UIInterfaceOrientationLandscapeLeft UIInterfaceOrientationLandscapeRight";
				INFOPLIST_KEY_UISupportedInterfaceOrientations_iPhone = "UIInterfaceOrientationPortrait UIInterfaceOrientationLandscapeLeft UIInterfaceOrientationLandscapeRight";
				LD_RUNPATH_SEARCH_PATHS = (
					"$(inherited)",
					"@executable_path/Frameworks",
				);
				MARKETING_VERSION = 1.0;
				PRODUCT_BUNDLE_IDENTIFIER = com.practice.MVVMPractice.MVVMPractice;
				PRODUCT_NAME = "$(TARGET_NAME)";
				SWIFT_EMIT_LOC_STRINGS = YES;
				SWIFT_VERSION = 5.0;
				TARGETED_DEVICE_FAMILY = "1,2";
			};
			name = Debug;
		};
		F629605C2CE8FE5C004B12EE /* Release */ = {
			isa = XCBuildConfiguration;
			buildSettings = {
				ASSETCATALOG_COMPILER_APPICON_NAME = AppIcon;
				ASSETCATALOG_COMPILER_GLOBAL_ACCENT_COLOR_NAME = AccentColor;
				CODE_SIGN_STYLE = Automatic;
				CURRENT_PROJECT_VERSION = 1;
				GENERATE_INFOPLIST_FILE = YES;
				INFOPLIST_FILE = MVVMPractice/Info.plist;
				INFOPLIST_KEY_UIApplicationSupportsIndirectInputEvents = YES;
				INFOPLIST_KEY_UILaunchStoryboardName = LaunchScreen;
				INFOPLIST_KEY_UIMainStoryboardFile = Main;
				INFOPLIST_KEY_UISupportedInterfaceOrientations_iPad = "UIInterfaceOrientationPortrait UIInterfaceOrientationPortraitUpsideDown UIInterfaceOrientationLandscapeLeft UIInterfaceOrientationLandscapeRight";
				INFOPLIST_KEY_UISupportedInterfaceOrientations_iPhone = "UIInterfaceOrientationPortrait UIInterfaceOrientationLandscapeLeft UIInterfaceOrientationLandscapeRight";
				LD_RUNPATH_SEARCH_PATHS = (
					"$(inherited)",
					"@executable_path/Frameworks",
				);
				MARKETING_VERSION = 1.0;
				PRODUCT_BUNDLE_IDENTIFIER = com.practice.MVVMPractice.MVVMPractice;
				PRODUCT_NAME = "$(TARGET_NAME)";
				SWIFT_EMIT_LOC_STRINGS = YES;
				SWIFT_VERSION = 5.0;
				TARGETED_DEVICE_FAMILY = "1,2";
			};
			name = Release;
		};
		F629605D2CE8FE5C004B12EE /* Debug */ = {
			isa = XCBuildConfiguration;
			buildSettings = {
				ALWAYS_SEARCH_USER_PATHS = NO;
				ASSETCATALOG_COMPILER_GENERATE_SWIFT_ASSET_SYMBOL_EXTENSIONS = YES;
				CLANG_ANALYZER_NONNULL = YES;
				CLANG_ANALYZER_NUMBER_OBJECT_CONVERSION = YES_AGGRESSIVE;
				CLANG_CXX_LANGUAGE_STANDARD = "gnu++20";
				CLANG_ENABLE_MODULES = YES;
				CLANG_ENABLE_OBJC_ARC = YES;
				CLANG_ENABLE_OBJC_WEAK = YES;
				CLANG_WARN_BLOCK_CAPTURE_AUTORELEASING = YES;
				CLANG_WARN_BOOL_CONVERSION = YES;
				CLANG_WARN_COMMA = YES;
				CLANG_WARN_CONSTANT_CONVERSION = YES;
				CLANG_WARN_DEPRECATED_OBJC_IMPLEMENTATIONS = YES;
				CLANG_WARN_DIRECT_OBJC_ISA_USAGE = YES_ERROR;
				CLANG_WARN_DOCUMENTATION_COMMENTS = YES;
				CLANG_WARN_EMPTY_BODY = YES;
				CLANG_WARN_ENUM_CONVERSION = YES;
				CLANG_WARN_INFINITE_RECURSION = YES;
				CLANG_WARN_INT_CONVERSION = YES;
				CLANG_WARN_NON_LITERAL_NULL_CONVERSION = YES;
				CLANG_WARN_OBJC_IMPLICIT_RETAIN_SELF = YES;
				CLANG_WARN_OBJC_LITERAL_CONVERSION = YES;
				CLANG_WARN_OBJC_ROOT_CLASS = YES_ERROR;
				CLANG_WARN_QUOTED_INCLUDE_IN_FRAMEWORK_HEADER = YES;
				CLANG_WARN_RANGE_LOOP_ANALYSIS = YES;
				CLANG_WARN_STRICT_PROTOTYPES = YES;
				CLANG_WARN_SUSPICIOUS_MOVE = YES;
				CLANG_WARN_UNGUARDED_AVAILABILITY = YES_AGGRESSIVE;
				CLANG_WARN_UNREACHABLE_CODE = YES;
				CLANG_WARN__DUPLICATE_METHOD_MATCH = YES;
				COPY_PHASE_STRIP = NO;
				DEBUG_INFORMATION_FORMAT = dwarf;
				ENABLE_STRICT_OBJC_MSGSEND = YES;
				ENABLE_TESTABILITY = YES;
				ENABLE_USER_SCRIPT_SANDBOXING = YES;
				GCC_C_LANGUAGE_STANDARD = gnu17;
				GCC_DYNAMIC_NO_PIC = NO;
				GCC_NO_COMMON_BLOCKS = YES;
				GCC_OPTIMIZATION_LEVEL = 0;
				GCC_PREPROCESSOR_DEFINITIONS = (
					"DEBUG=1",
					"$(inherited)",
				);
				GCC_WARN_64_TO_32_BIT_CONVERSION = YES;
				GCC_WARN_ABOUT_RETURN_TYPE = YES_ERROR;
				GCC_WARN_UNDECLARED_SELECTOR = YES;
				GCC_WARN_UNINITIALIZED_AUTOS = YES_AGGRESSIVE;
				GCC_WARN_UNUSED_FUNCTION = YES;
				GCC_WARN_UNUSED_VARIABLE = YES;
				IPHONEOS_DEPLOYMENT_TARGET = 18.0;
				LOCALIZATION_PREFERS_STRING_CATALOGS = YES;
				MTL_ENABLE_DEBUG_INFO = INCLUDE_SOURCE;
				MTL_FAST_MATH = YES;
				ONLY_ACTIVE_ARCH = YES;
				SDKROOT = iphoneos;
				SWIFT_ACTIVE_COMPILATION_CONDITIONS = "DEBUG $(inherited)";
				SWIFT_OPTIMIZATION_LEVEL = "-Onone";
			};
			name = Debug;
		};
		F629605E2CE8FE5C004B12EE /* Release */ = {
			isa = XCBuildConfiguration;
			buildSettings = {
				ALWAYS_SEARCH_USER_PATHS = NO;
				ASSETCATALOG_COMPILER_GENERATE_SWIFT_ASSET_SYMBOL_EXTENSIONS = YES;
				CLANG_ANALYZER_NONNULL = YES;
				CLANG_ANALYZER_NUMBER_OBJECT_CONVERSION = YES_AGGRESSIVE;
				CLANG_CXX_LANGUAGE_STANDARD = "gnu++20";
				CLANG_ENABLE_MODULES = YES;
				CLANG_ENABLE_OBJC_ARC = YES;
				CLANG_ENABLE_OBJC_WEAK = YES;
				CLANG_WARN_BLOCK_CAPTURE_AUTORELEASING = YES;
				CLANG_WARN_BOOL_CONVERSION = YES;
				CLANG_WARN_COMMA = YES;
				CLANG_WARN_CONSTANT_CONVERSION = YES;
				CLANG_WARN_DEPRECATED_OBJC_IMPLEMENTATIONS = YES;
				CLANG_WARN_DIRECT_OBJC_ISA_USAGE = YES_ERROR;
				CLANG_WARN_DOCUMENTATION_COMMENTS = YES;
				CLANG_WARN_EMPTY_BODY = YES;
				CLANG_WARN_ENUM_CONVERSION = YES;
				CLANG_WARN_INFINITE_RECURSION = YES;
				CLANG_WARN_INT_CONVERSION = YES;
				CLANG_WARN_NON_LITERAL_NULL_CONVERSION = YES;
				CLANG_WARN_OBJC_IMPLICIT_RETAIN_SELF = YES;
				CLANG_WARN_OBJC_LITERAL_CONVERSION = YES;
				CLANG_WARN_OBJC_ROOT_CLASS = YES_ERROR;
				CLANG_WARN_QUOTED_INCLUDE_IN_FRAMEWORK_HEADER = YES;
				CLANG_WARN_RANGE_LOOP_ANALYSIS = YES;
				CLANG_WARN_STRICT_PROTOTYPES = YES;
				CLANG_WARN_SUSPICIOUS_MOVE = YES;
				CLANG_WARN_UNGUARDED_AVAILABILITY = YES_AGGRESSIVE;
				CLANG_WARN_UNREACHABLE_CODE = YES;
				CLANG_WARN__DUPLICATE_METHOD_MATCH = YES;
				COPY_PHASE_STRIP = NO;
				DEBUG_INFORMATION_FORMAT = "dwarf-with-dsym";
				ENABLE_NS_ASSERTIONS = NO;
				ENABLE_STRICT_OBJC_MSGSEND = YES;
				ENABLE_USER_SCRIPT_SANDBOXING = YES;
				GCC_C_LANGUAGE_STANDARD = gnu17;
				GCC_NO_COMMON_BLOCKS = YES;
				GCC_WARN_64_TO_32_BIT_CONVERSION = YES;
				GCC_WARN_ABOUT_RETURN_TYPE = YES_ERROR;
				GCC_WARN_UNDECLARED_SELECTOR = YES;
				GCC_WARN_UNINITIALIZED_AUTOS = YES_AGGRESSIVE;
				GCC_WARN_UNUSED_FUNCTION = YES;
				GCC_WARN_UNUSED_VARIABLE = YES;
				IPHONEOS_DEPLOYMENT_TARGET = 18.0;
				LOCALIZATION_PREFERS_STRING_CATALOGS = YES;
				MTL_ENABLE_DEBUG_INFO = NO;
				MTL_FAST_MATH = YES;
				SDKROOT = iphoneos;
				SWIFT_COMPILATION_MODE = wholemodule;
				VALIDATE_PRODUCT = YES;
			};
			name = Release;
		};
		F62960602CE8FE5C004B12EE /* Debug */ = {
			isa = XCBuildConfiguration;
			buildSettings = {
				BUNDLE_LOADER = "$(TEST_HOST)";
				CODE_SIGN_STYLE = Automatic;
				CURRENT_PROJECT_VERSION = 1;
				GENERATE_INFOPLIST_FILE = YES;
				IPHONEOS_DEPLOYMENT_TARGET = 18.0;
				MARKETING_VERSION = 1.0;
				PRODUCT_BUNDLE_IDENTIFIER = com.practice.MVVMPractice.MVVMPracticeTests;
				PRODUCT_NAME = "$(TARGET_NAME)";
				SWIFT_EMIT_LOC_STRINGS = NO;
				SWIFT_VERSION = 5.0;
				TARGETED_DEVICE_FAMILY = "1,2";
				TEST_HOST = "$(BUILT_PRODUCTS_DIR)/MVVMPractice.app/$(BUNDLE_EXECUTABLE_FOLDER_PATH)/MVVMPractice";
			};
			name = Debug;
		};
		F62960612CE8FE5C004B12EE /* Release */ = {
			isa = XCBuildConfiguration;
			buildSettings = {
				BUNDLE_LOADER = "$(TEST_HOST)";
				CODE_SIGN_STYLE = Automatic;
				CURRENT_PROJECT_VERSION = 1;
				GENERATE_INFOPLIST_FILE = YES;
				IPHONEOS_DEPLOYMENT_TARGET = 18.0;
				MARKETING_VERSION = 1.0;
				PRODUCT_BUNDLE_IDENTIFIER = com.practice.MVVMPractice.MVVMPracticeTests;
				PRODUCT_NAME = "$(TARGET_NAME)";
				SWIFT_EMIT_LOC_STRINGS = NO;
				SWIFT_VERSION = 5.0;
				TARGETED_DEVICE_FAMILY = "1,2";
				TEST_HOST = "$(BUILT_PRODUCTS_DIR)/MVVMPractice.app/$(BUNDLE_EXECUTABLE_FOLDER_PATH)/MVVMPractice";
			};
			name = Release;
		};
		F62960632CE8FE5C004B12EE /* Debug */ = {
			isa = XCBuildConfiguration;
			buildSettings = {
				CODE_SIGN_STYLE = Automatic;
				CURRENT_PROJECT_VERSION = 1;
				GENERATE_INFOPLIST_FILE = YES;
				MARKETING_VERSION = 1.0;
				PRODUCT_BUNDLE_IDENTIFIER = com.practice.MVVMPractice.MVVMPracticeUITests;
				PRODUCT_NAME = "$(TARGET_NAME)";
				SWIFT_EMIT_LOC_STRINGS = NO;
				SWIFT_VERSION = 5.0;
				TARGETED_DEVICE_FAMILY = "1,2";
				TEST_TARGET_NAME = MVVMPractice;
			};
			name = Debug;
		};
		F62960642CE8FE5C004B12EE /* Release */ = {
			isa = XCBuildConfiguration;
			buildSettings = {
				CODE_SIGN_STYLE = Automatic;
				CURRENT_PROJECT_VERSION = 1;
				GENERATE_INFOPLIST_FILE = YES;
				MARKETING_VERSION = 1.0;
				PRODUCT_BUNDLE_IDENTIFIER = com.practice.MVVMPractice.MVVMPracticeUITests;
				PRODUCT_NAME = "$(TARGET_NAME)";
				SWIFT_EMIT_LOC_STRINGS = NO;
				SWIFT_VERSION = 5.0;
				TARGETED_DEVICE_FAMILY = "1,2";
				TEST_TARGET_NAME = MVVMPractice;
			};
			name = Release;
		};
/* End XCBuildConfiguration section */

/* Begin XCConfigurationList section */
		F62960292CE8FE5B004B12EE /* Build configuration list for PBXProject "MVVMPractice" */ = {
			isa = XCConfigurationList;
			buildConfigurations = (
				F629605D2CE8FE5C004B12EE /* Debug */,
				F629605E2CE8FE5C004B12EE /* Release */,
			);
			defaultConfigurationIsVisible = 0;
			defaultConfigurationName = Release;
		};
		F629605A2CE8FE5C004B12EE /* Build configuration list for PBXNativeTarget "MVVMPractice" */ = {
			isa = XCConfigurationList;
			buildConfigurations = (
				F629605B2CE8FE5C004B12EE /* Debug */,
				F629605C2CE8FE5C004B12EE /* Release */,
			);
			defaultConfigurationIsVisible = 0;
			defaultConfigurationName = Release;
		};
		F629605F2CE8FE5C004B12EE /* Build configuration list for PBXNativeTarget "MVVMPracticeTests" */ = {
			isa = XCConfigurationList;
			buildConfigurations = (
				F62960602CE8FE5C004B12EE /* Debug */,
				F62960612CE8FE5C004B12EE /* Release */,
			);
			defaultConfigurationIsVisible = 0;
			defaultConfigurationName = Release;
		};
		F62960622CE8FE5C004B12EE /* Build configuration list for PBXNativeTarget "MVVMPracticeUITests" */ = {
			isa = XCConfigurationList;
			buildConfigurations = (
				F62960632CE8FE5C004B12EE /* Debug */,
				F62960642CE8FE5C004B12EE /* Release */,
			);
			defaultConfigurationIsVisible = 0;
			defaultConfigurationName = Release;
		};
/* End XCConfigurationList section */

/* Begin XCRemoteSwiftPackageReference section */
		F678EE792D110A42004DD0EA /* XCRemoteSwiftPackageReference "Kingfisher" */ = {
			isa = XCRemoteSwiftPackageReference;
			repositoryURL = "https://github.com/onevcat/Kingfisher.git";
			requirement = {
				kind = upToNextMajorVersion;
				minimumVersion = 8.0.0;
			};
		};
/* End XCRemoteSwiftPackageReference section */

/* Begin XCSwiftPackageProductDependency section */
		F633281D2D110E7C00905CE3 /* Kingfisher */ = {
			isa = XCSwiftPackageProductDependency;
			package = F678EE792D110A42004DD0EA /* XCRemoteSwiftPackageReference "Kingfisher" */;
			productName = Kingfisher;
		};
/* End XCSwiftPackageProductDependency section */
	};
	rootObject = F62960262CE8FE5B004B12EE /* Project object */;
}
